// !$*UTF8*$!
{
	archiveVersion = 1;
	classes = {
	};
	objectVersion = 55;
	objects = {

/* Begin PBXBuildFile section */
		B6DC15CF27FCCD9F00B2BA09 /* AppDelegate.swift in Sources */ = {isa = PBXBuildFile; fileRef = B6DC15CE27FCCD9F00B2BA09 /* AppDelegate.swift */; };
		B6DC15D127FCCD9F00B2BA09 /* SceneDelegate.swift in Sources */ = {isa = PBXBuildFile; fileRef = B6DC15D027FCCD9F00B2BA09 /* SceneDelegate.swift */; };
		B6DC15D327FCCD9F00B2BA09 /* ViewController.swift in Sources */ = {isa = PBXBuildFile; fileRef = B6DC15D227FCCD9F00B2BA09 /* ViewController.swift */; };
		B6DC15D627FCCD9F00B2BA09 /* Main.storyboard in Resources */ = {isa = PBXBuildFile; fileRef = B6DC15D427FCCD9F00B2BA09 /* Main.storyboard */; };
		B6DC15D827FCCDA000B2BA09 /* Assets.xcassets in Resources */ = {isa = PBXBuildFile; fileRef = B6DC15D727FCCDA000B2BA09 /* Assets.xcassets */; };
		B6DC15DB27FCCDA000B2BA09 /* LaunchScreen.storyboard in Resources */ = {isa = PBXBuildFile; fileRef = B6DC15D927FCCDA000B2BA09 /* LaunchScreen.storyboard */; };
		B6DC15E627FCCDA000B2BA09 /* Thirunagari_GroceryAppTests.swift in Sources */ = {isa = PBXBuildFile; fileRef = B6DC15E527FCCDA000B2BA09 /* Thirunagari_GroceryAppTests.swift */; };
		B6DC15F027FCCDA000B2BA09 /* Thirunagari_GroceryAppUITests.swift in Sources */ = {isa = PBXBuildFile; fileRef = B6DC15EF27FCCDA000B2BA09 /* Thirunagari_GroceryAppUITests.swift */; };
		B6DC15F227FCCDA000B2BA09 /* Thirunagari_GroceryAppUITestsLaunchTests.swift in Sources */ = {isa = PBXBuildFile; fileRef = B6DC15F127FCCDA000B2BA09 /* Thirunagari_GroceryAppUITestsLaunchTests.swift */; };
		B6DC15FF27FCD0BB00B2BA09 /* GroceryItemsViewController.swift in Sources */ = {isa = PBXBuildFile; fileRef = B6DC15FE27FCD0BB00B2BA09 /* GroceryItemsViewController.swift */; };
		B6DC160127FCD4D500B2BA09 /* ItemInfoViewController.swift in Sources */ = {isa = PBXBuildFile; fileRef = B6DC160027FCD4D500B2BA09 /* ItemInfoViewController.swift */; };
/* End PBXBuildFile section */

/* Begin PBXContainerItemProxy section */
		B6DC15E227FCCDA000B2BA09 /* PBXContainerItemProxy */ = {
			isa = PBXContainerItemProxy;
			containerPortal = B6DC15C327FCCD9F00B2BA09 /* Project object */;
			proxyType = 1;
			remoteGlobalIDString = B6DC15CA27FCCD9F00B2BA09;
			remoteInfo = Thirunagari_GroceryApp;
		};
		B6DC15EC27FCCDA000B2BA09 /* PBXContainerItemProxy */ = {
			isa = PBXContainerItemProxy;
			containerPortal = B6DC15C327FCCD9F00B2BA09 /* Project object */;
			proxyType = 1;
			remoteGlobalIDString = B6DC15CA27FCCD9F00B2BA09;
			remoteInfo = Thirunagari_GroceryApp;
		};
/* End PBXContainerItemProxy section */

/* Begin PBXFileReference section */
		B6DC15CB27FCCD9F00B2BA09 /* Thirunagari_GroceryApp.app */ = {isa = PBXFileReference; explicitFileType = wrapper.application; includeInIndex = 0; path = Thirunagari_GroceryApp.app; sourceTree = BUILT_PRODUCTS_DIR; };
		B6DC15CE27FCCD9F00B2BA09 /* AppDelegate.swift */ = {isa = PBXFileReference; lastKnownFileType = sourcecode.swift; path = AppDelegate.swift; sourceTree = "<group>"; };
		B6DC15D027FCCD9F00B2BA09 /* SceneDelegate.swift */ = {isa = PBXFileReference; lastKnownFileType = sourcecode.swift; path = SceneDelegate.swift; sourceTree = "<group>"; };
		B6DC15D227FCCD9F00B2BA09 /* ViewController.swift */ = {isa = PBXFileReference; lastKnownFileType = sourcecode.swift; path = ViewController.swift; sourceTree = "<group>"; };
		B6DC15D527FCCD9F00B2BA09 /* Base */ = {isa = PBXFileReference; lastKnownFileType = file.storyboard; name = Base; path = Base.lproj/Main.storyboard; sourceTree = "<group>"; };
		B6DC15D727FCCDA000B2BA09 /* Assets.xcassets */ = {isa = PBXFileReference; lastKnownFileType = folder.assetcatalog; path = Assets.xcassets; sourceTree = "<group>"; };
		B6DC15DA27FCCDA000B2BA09 /* Base */ = {isa = PBXFileReference; lastKnownFileType = file.storyboard; name = Base; path = Base.lproj/LaunchScreen.storyboard; sourceTree = "<group>"; };
		B6DC15DC27FCCDA000B2BA09 /* Info.plist */ = {isa = PBXFileReference; lastKnownFileType = text.plist.xml; path = Info.plist; sourceTree = "<group>"; };
		B6DC15E127FCCDA000B2BA09 /* Thirunagari_GroceryAppTests.xctest */ = {isa = PBXFileReference; explicitFileType = wrapper.cfbundle; includeInIndex = 0; path = Thirunagari_GroceryAppTests.xctest; sourceTree = BUILT_PRODUCTS_DIR; };
		B6DC15E527FCCDA000B2BA09 /* Thirunagari_GroceryAppTests.swift */ = {isa = PBXFileReference; lastKnownFileType = sourcecode.swift; path = Thirunagari_GroceryAppTests.swift; sourceTree = "<group>"; };
		B6DC15EB27FCCDA000B2BA09 /* Thirunagari_GroceryAppUITests.xctest */ = {isa = PBXFileReference; explicitFileType = wrapper.cfbundle; includeInIndex = 0; path = Thirunagari_GroceryAppUITests.xctest; sourceTree = BUILT_PRODUCTS_DIR; };
		B6DC15EF27FCCDA000B2BA09 /* Thirunagari_GroceryAppUITests.swift */ = {isa = PBXFileReference; lastKnownFileType = sourcecode.swift; path = Thirunagari_GroceryAppUITests.swift; sourceTree = "<group>"; };
		B6DC15F127FCCDA000B2BA09 /* Thirunagari_GroceryAppUITestsLaunchTests.swift */ = {isa = PBXFileReference; lastKnownFileType = sourcecode.swift; path = Thirunagari_GroceryAppUITestsLaunchTests.swift; sourceTree = "<group>"; };
		B6DC15FE27FCD0BB00B2BA09 /* GroceryItemsViewController.swift */ = {isa = PBXFileReference; lastKnownFileType = sourcecode.swift; path = GroceryItemsViewController.swift; sourceTree = "<group>"; };
		B6DC160027FCD4D500B2BA09 /* ItemInfoViewController.swift */ = {isa = PBXFileReference; lastKnownFileType = sourcecode.swift; path = ItemInfoViewController.swift; sourceTree = "<group>"; };
/* End PBXFileReference section */

/* Begin PBXFrameworksBuildPhase section */
		B6DC15C827FCCD9F00B2BA09 /* Frameworks */ = {
			isa = PBXFrameworksBuildPhase;
			buildActionMask = 2147483647;
			files = (
			);
			runOnlyForDeploymentPostprocessing = 0;
		};
		B6DC15DE27FCCDA000B2BA09 /* Frameworks */ = {
			isa = PBXFrameworksBuildPhase;
			buildActionMask = 2147483647;
			files = (
			);
			runOnlyForDeploymentPostprocessing = 0;
		};
		B6DC15E827FCCDA000B2BA09 /* Frameworks */ = {
			isa = PBXFrameworksBuildPhase;
			buildActionMask = 2147483647;
			files = (
			);
			runOnlyForDeploymentPostprocessing = 0;
		};
/* End PBXFrameworksBuildPhase section */

/* Begin PBXGroup section */
		B6DC15C227FCCD9F00B2BA09 = {
			isa = PBXGroup;
			children = (
				B6DC15CD27FCCD9F00B2BA09 /* Thirunagari_GroceryApp */,
				B6DC15E427FCCDA000B2BA09 /* Thirunagari_GroceryAppTests */,
				B6DC15EE27FCCDA000B2BA09 /* Thirunagari_GroceryAppUITests */,
				B6DC15CC27FCCD9F00B2BA09 /* Products */,
			);
			sourceTree = "<group>";
		};
		B6DC15CC27FCCD9F00B2BA09 /* Products */ = {
			isa = PBXGroup;
			children = (
				B6DC15CB27FCCD9F00B2BA09 /* Thirunagari_GroceryApp.app */,
				B6DC15E127FCCDA000B2BA09 /* Thirunagari_GroceryAppTests.xctest */,
				B6DC15EB27FCCDA000B2BA09 /* Thirunagari_GroceryAppUITests.xctest */,
			);
			name = Products;
			sourceTree = "<group>";
		};
		B6DC15CD27FCCD9F00B2BA09 /* Thirunagari_GroceryApp */ = {
			isa = PBXGroup;
			children = (
				B6DC15CE27FCCD9F00B2BA09 /* AppDelegate.swift */,
				B6DC15D027FCCD9F00B2BA09 /* SceneDelegate.swift */,
				B6DC15D227FCCD9F00B2BA09 /* ViewController.swift */,
				B6DC15D427FCCD9F00B2BA09 /* Main.storyboard */,
				B6DC15D727FCCDA000B2BA09 /* Assets.xcassets */,
				B6DC15D927FCCDA000B2BA09 /* LaunchScreen.storyboard */,
				B6DC15DC27FCCDA000B2BA09 /* Info.plist */,
				B6DC15FE27FCD0BB00B2BA09 /* GroceryItemsViewController.swift */,
				B6DC160027FCD4D500B2BA09 /* ItemInfoViewController.swift */,
			);
			path = Thirunagari_GroceryApp;
			sourceTree = "<group>";
		};
		B6DC15E427FCCDA000B2BA09 /* Thirunagari_GroceryAppTests */ = {
			isa = PBXGroup;
			children = (
				B6DC15E527FCCDA000B2BA09 /* Thirunagari_GroceryAppTests.swift */,
			);
			path = Thirunagari_GroceryAppTests;
			sourceTree = "<group>";
		};
		B6DC15EE27FCCDA000B2BA09 /* Thirunagari_GroceryAppUITests */ = {
			isa = PBXGroup;
			children = (
				B6DC15EF27FCCDA000B2BA09 /* Thirunagari_GroceryAppUITests.swift */,
				B6DC15F127FCCDA000B2BA09 /* Thirunagari_GroceryAppUITestsLaunchTests.swift */,
			);
			path = Thirunagari_GroceryAppUITests;
			sourceTree = "<group>";
		};
/* End PBXGroup section */

/* Begin PBXNativeTarget section */
		B6DC15CA27FCCD9F00B2BA09 /* Thirunagari_GroceryApp */ = {
			isa = PBXNativeTarget;
			buildConfigurationList = B6DC15F527FCCDA000B2BA09 /* Build configuration list for PBXNativeTarget "Thirunagari_GroceryApp" */;
			buildPhases = (
				B6DC15C727FCCD9F00B2BA09 /* Sources */,
				B6DC15C827FCCD9F00B2BA09 /* Frameworks */,
				B6DC15C927FCCD9F00B2BA09 /* Resources */,
			);
			buildRules = (
			);
			dependencies = (
			);
			name = Thirunagari_GroceryApp;
			productName = Thirunagari_GroceryApp;
			productReference = B6DC15CB27FCCD9F00B2BA09 /* Thirunagari_GroceryApp.app */;
			productType = "com.apple.product-type.application";
		};
		B6DC15E027FCCDA000B2BA09 /* Thirunagari_GroceryAppTests */ = {
			isa = PBXNativeTarget;
			buildConfigurationList = B6DC15F827FCCDA000B2BA09 /* Build configuration list for PBXNativeTarget "Thirunagari_GroceryAppTests" */;
			buildPhases = (
				B6DC15DD27FCCDA000B2BA09 /* Sources */,
				B6DC15DE27FCCDA000B2BA09 /* Frameworks */,
				B6DC15DF27FCCDA000B2BA09 /* Resources */,
			);
			buildRules = (
			);
			dependencies = (
				B6DC15E327FCCDA000B2BA09 /* PBXTargetDependency */,
			);
			name = Thirunagari_GroceryAppTests;
			productName = Thirunagari_GroceryAppTests;
			productReference = B6DC15E127FCCDA000B2BA09 /* Thirunagari_GroceryAppTests.xctest */;
			productType = "com.apple.product-type.bundle.unit-test";
		};
		B6DC15EA27FCCDA000B2BA09 /* Thirunagari_GroceryAppUITests */ = {
			isa = PBXNativeTarget;
			buildConfigurationList = B6DC15FB27FCCDA000B2BA09 /* Build configuration list for PBXNativeTarget "Thirunagari_GroceryAppUITests" */;
			buildPhases = (
				B6DC15E727FCCDA000B2BA09 /* Sources */,
				B6DC15E827FCCDA000B2BA09 /* Frameworks */,
				B6DC15E927FCCDA000B2BA09 /* Resources */,
			);
			buildRules = (
			);
			dependencies = (
				B6DC15ED27FCCDA000B2BA09 /* PBXTargetDependency */,
			);
			name = Thirunagari_GroceryAppUITests;
			productName = Thirunagari_GroceryAppUITests;
			productReference = B6DC15EB27FCCDA000B2BA09 /* Thirunagari_GroceryAppUITests.xctest */;
			productType = "com.apple.product-type.bundle.ui-testing";
		};
/* End PBXNativeTarget section */

/* Begin PBXProject section */
		B6DC15C327FCCD9F00B2BA09 /* Project object */ = {
			isa = PBXProject;
			attributes = {
				BuildIndependentTargetsInParallel = 1;
				LastSwiftUpdateCheck = 1320;
				LastUpgradeCheck = 1320;
				TargetAttributes = {
					B6DC15CA27FCCD9F00B2BA09 = {
						CreatedOnToolsVersion = 13.2.1;
					};
					B6DC15E027FCCDA000B2BA09 = {
						CreatedOnToolsVersion = 13.2.1;
						TestTargetID = B6DC15CA27FCCD9F00B2BA09;
					};
					B6DC15EA27FCCDA000B2BA09 = {
						CreatedOnToolsVersion = 13.2.1;
						TestTargetID = B6DC15CA27FCCD9F00B2BA09;
					};
				};
			};
			buildConfigurationList = B6DC15C627FCCD9F00B2BA09 /* Build configuration list for PBXProject "Thirunagari_GroceryApp" */;
			compatibilityVersion = "Xcode 13.0";
			developmentRegion = en;
			hasScannedForEncodings = 0;
			knownRegions = (
				en,
				Base,
			);
			mainGroup = B6DC15C227FCCD9F00B2BA09;
			productRefGroup = B6DC15CC27FCCD9F00B2BA09 /* Products */;
			projectDirPath = "";
			projectRoot = "";
			targets = (
				B6DC15CA27FCCD9F00B2BA09 /* Thirunagari_GroceryApp */,
				B6DC15E027FCCDA000B2BA09 /* Thirunagari_GroceryAppTests */,
				B6DC15EA27FCCDA000B2BA09 /* Thirunagari_GroceryAppUITests */,
			);
		};
/* End PBXProject section */

/* Begin PBXResourcesBuildPhase section */
		B6DC15C927FCCD9F00B2BA09 /* Resources */ = {
			isa = PBXResourcesBuildPhase;
			buildActionMask = 2147483647;
			files = (
				B6DC15DB27FCCDA000B2BA09 /* LaunchScreen.storyboard in Resources */,
				B6DC15D827FCCDA000B2BA09 /* Assets.xcassets in Resources */,
				B6DC15D627FCCD9F00B2BA09 /* Main.storyboard in Resources */,
			);
			runOnlyForDeploymentPostprocessing = 0;
		};
		B6DC15DF27FCCDA000B2BA09 /* Resources */ = {
			isa = PBXResourcesBuildPhase;
			buildActionMask = 2147483647;
			files = (
			);
			runOnlyForDeploymentPostprocessing = 0;
		};
		B6DC15E927FCCDA000B2BA09 /* Resources */ = {
			isa = PBXResourcesBuildPhase;
			buildActionMask = 2147483647;
			files = (
			);
			runOnlyForDeploymentPostprocessing = 0;
		};
/* End PBXResourcesBuildPhase section */

/* Begin PBXSourcesBuildPhase section */
		B6DC15C727FCCD9F00B2BA09 /* Sources */ = {
			isa = PBXSourcesBuildPhase;
			buildActionMask = 2147483647;
			files = (
				B6DC15D327FCCD9F00B2BA09 /* ViewController.swift in Sources */,
				B6DC15CF27FCCD9F00B2BA09 /* AppDelegate.swift in Sources */,
				B6DC15FF27FCD0BB00B2BA09 /* GroceryItemsViewController.swift in Sources */,
				B6DC160127FCD4D500B2BA09 /* ItemInfoViewController.swift in Sources */,
				B6DC15D127FCCD9F00B2BA09 /* SceneDelegate.swift in Sources */,
			);
			runOnlyForDeploymentPostprocessing = 0;
		};
		B6DC15DD27FCCDA000B2BA09 /* Sources */ = {
			isa = PBXSourcesBuildPhase;
			buildActionMask = 2147483647;
			files = (
				B6DC15E627FCCDA000B2BA09 /* Thirunagari_GroceryAppTests.swift in Sources */,
			);
			runOnlyForDeploymentPostprocessing = 0;
		};
		B6DC15E727FCCDA000B2BA09 /* Sources */ = {
			isa = PBXSourcesBuildPhase;
			buildActionMask = 2147483647;
			files = (
				B6DC15F027FCCDA000B2BA09 /* Thirunagari_GroceryAppUITests.swift in Sources */,
				B6DC15F227FCCDA000B2BA09 /* Thirunagari_GroceryAppUITestsLaunchTests.swift in Sources */,
			);
			runOnlyForDeploymentPostprocessing = 0;
		};
/* End PBXSourcesBuildPhase section */

/* Begin PBXTargetDependency section */
		B6DC15E327FCCDA000B2BA09 /* PBXTargetDependency */ = {
			isa = PBXTargetDependency;
			target = B6DC15CA27FCCD9F00B2BA09 /* Thirunagari_GroceryApp */;
			targetProxy = B6DC15E227FCCDA000B2BA09 /* PBXContainerItemProxy */;
		};
		B6DC15ED27FCCDA000B2BA09 /* PBXTargetDependency */ = {
			isa = PBXTargetDependency;
			target = B6DC15CA27FCCD9F00B2BA09 /* Thirunagari_GroceryApp */;
			targetProxy = B6DC15EC27FCCDA000B2BA09 /* PBXContainerItemProxy */;
		};
/* End PBXTargetDependency section */

/* Begin PBXVariantGroup section */
		B6DC15D427FCCD9F00B2BA09 /* Main.storyboard */ = {
			isa = PBXVariantGroup;
			children = (
				B6DC15D527FCCD9F00B2BA09 /* Base */,
			);
			name = Main.storyboard;
			sourceTree = "<group>";
		};
		B6DC15D927FCCDA000B2BA09 /* LaunchScreen.storyboard */ = {
			isa = PBXVariantGroup;
			children = (
				B6DC15DA27FCCDA000B2BA09 /* Base */,
			);
			name = LaunchScreen.storyboard;
			sourceTree = "<group>";
		};
/* End PBXVariantGroup section */

/* Begin XCBuildConfiguration section */
		B6DC15F327FCCDA000B2BA09 /* Debug */ = {
			isa = XCBuildConfiguration;
			buildSettings = {
				ALWAYS_SEARCH_USER_PATHS = NO;
				CLANG_ANALYZER_NONNULL = YES;
				CLANG_ANALYZER_NUMBER_OBJECT_CONVERSION = YES_AGGRESSIVE;
				CLANG_CXX_LANGUAGE_STANDARD = "gnu++17";
				CLANG_CXX_LIBRARY = "libc++";
				CLANG_ENABLE_MODULES = YES;
				CLANG_ENABLE_OBJC_ARC = YES;
				CLANG_ENABLE_OBJC_WEAK = YES;
				CLANG_WARN_BLOCK_CAPTURE_AUTORELEASING = YES;
				CLANG_WARN_BOOL_CONVERSION = YES;
				CLANG_WARN_COMMA = YES;
				CLANG_WARN_CONSTANT_CONVERSION = YES;
				CLANG_WARN_DEPRECATED_OBJC_IMPLEMENTATIONS = YES;
				CLANG_WARN_DIRECT_OBJC_ISA_USAGE = YES_ERROR;
				CLANG_WARN_DOCUMENTATION_COMMENTS = YES;
				CLANG_WARN_EMPTY_BODY = YES;
				CLANG_WARN_ENUM_CONVERSION = YES;
				CLANG_WARN_INFINITE_RECURSION = YES;
				CLANG_WARN_INT_CONVERSION = YES;
				CLANG_WARN_NON_LITERAL_NULL_CONVERSION = YES;
				CLANG_WARN_OBJC_IMPLICIT_RETAIN_SELF = YES;
				CLANG_WARN_OBJC_LITERAL_CONVERSION = YES;
				CLANG_WARN_OBJC_ROOT_CLASS = YES_ERROR;
				CLANG_WARN_QUOTED_INCLUDE_IN_FRAMEWORK_HEADER = YES;
				CLANG_WARN_RANGE_LOOP_ANALYSIS = YES;
				CLANG_WARN_STRICT_PROTOTYPES = YES;
				CLANG_WARN_SUSPICIOUS_MOVE = YES;
				CLANG_WARN_UNGUARDED_AVAILABILITY = YES_AGGRESSIVE;
				CLANG_WARN_UNREACHABLE_CODE = YES;
				CLANG_WARN__DUPLICATE_METHOD_MATCH = YES;
				COPY_PHASE_STRIP = NO;
				DEBUG_INFORMATION_FORMAT = dwarf;
				ENABLE_STRICT_OBJC_MSGSEND = YES;
				ENABLE_TESTABILITY = YES;
				GCC_C_LANGUAGE_STANDARD = gnu11;
				GCC_DYNAMIC_NO_PIC = NO;
				GCC_NO_COMMON_BLOCKS = YES;
				GCC_OPTIMIZATION_LEVEL = 0;
				GCC_PREPROCESSOR_DEFINITIONS = (
					"DEBUG=1",
					"$(inherited)",
				);
				GCC_WARN_64_TO_32_BIT_CONVERSION = YES;
				GCC_WARN_ABOUT_RETURN_TYPE = YES_ERROR;
				GCC_WARN_UNDECLARED_SELECTOR = YES;
				GCC_WARN_UNINITIALIZED_AUTOS = YES_AGGRESSIVE;
				GCC_WARN_UNUSED_FUNCTION = YES;
				GCC_WARN_UNUSED_VARIABLE = YES;
				IPHONEOS_DEPLOYMENT_TARGET = 15.2;
				MTL_ENABLE_DEBUG_INFO = INCLUDE_SOURCE;
				MTL_FAST_MATH = YES;
				ONLY_ACTIVE_ARCH = YES;
				SDKROOT = iphoneos;
				SWIFT_ACTIVE_COMPILATION_CONDITIONS = DEBUG;
				SWIFT_OPTIMIZATION_LEVEL = "-Onone";
			};
			name = Debug;
		};
		B6DC15F427FCCDA000B2BA09 /* Release */ = {
			isa = XCBuildConfiguration;
			buildSettings = {
				ALWAYS_SEARCH_USER_PATHS = NO;
				CLANG_ANALYZER_NONNULL = YES;
				CLANG_ANALYZER_NUMBER_OBJECT_CONVERSION = YES_AGGRESSIVE;
				CLANG_CXX_LANGUAGE_STANDARD = "gnu++17";
				CLANG_CXX_LIBRARY = "libc++";
				CLANG_ENABLE_MODULES = YES;
				CLANG_ENABLE_OBJC_ARC = YES;
				CLANG_ENABLE_OBJC_WEAK = YES;
				CLANG_WARN_BLOCK_CAPTURE_AUTORELEASING = YES;
				CLANG_WARN_BOOL_CONVERSION = YES;
				CLANG_WARN_COMMA = YES;
				CLANG_WARN_CONSTANT_CONVERSION = YES;
				CLANG_WARN_DEPRECATED_OBJC_IMPLEMENTATIONS = YES;
				CLANG_WARN_DIRECT_OBJC_ISA_USAGE = YES_ERROR;
				CLANG_WARN_DOCUMENTATION_COMMENTS = YES;
				CLANG_WARN_EMPTY_BODY = YES;
				CLANG_WARN_ENUM_CONVERSION = YES;
				CLANG_WARN_INFINITE_RECURSION = YES;
				CLANG_WARN_INT_CONVERSION = YES;
				CLANG_WARN_NON_LITERAL_NULL_CONVERSION = YES;
				CLANG_WARN_OBJC_IMPLICIT_RETAIN_SELF = YES;
				CLANG_WARN_OBJC_LITERAL_CONVERSION = YES;
				CLANG_WARN_OBJC_ROOT_CLASS = YES_ERROR;
				CLANG_WARN_QUOTED_INCLUDE_IN_FRAMEWORK_HEADER = YES;
				CLANG_WARN_RANGE_LOOP_ANALYSIS = YES;
				CLANG_WARN_STRICT_PROTOTYPES = YES;
				CLANG_WARN_SUSPICIOUS_MOVE = YES;
				CLANG_WARN_UNGUARDED_AVAILABILITY = YES_AGGRESSIVE;
				CLANG_WARN_UNREACHABLE_CODE = YES;
				CLANG_WARN__DUPLICATE_METHOD_MATCH = YES;
				COPY_PHASE_STRIP = NO;
				DEBUG_INFORMATION_FORMAT = "dwarf-with-dsym";
				ENABLE_NS_ASSERTIONS = NO;
				ENABLE_STRICT_OBJC_MSGSEND = YES;
				GCC_C_LANGUAGE_STANDARD = gnu11;
				GCC_NO_COMMON_BLOCKS = YES;
				GCC_WARN_64_TO_32_BIT_CONVERSION = YES;
				GCC_WARN_ABOUT_RETURN_TYPE = YES_ERROR;
				GCC_WARN_UNDECLARED_SELECTOR = YES;
				GCC_WARN_UNINITIALIZED_AUTOS = YES_AGGRESSIVE;
				GCC_WARN_UNUSED_FUNCTION = YES;
				GCC_WARN_UNUSED_VARIABLE = YES;
				IPHONEOS_DEPLOYMENT_TARGET = 15.2;
				MTL_ENABLE_DEBUG_INFO = NO;
				MTL_FAST_MATH = YES;
				SDKROOT = iphoneos;
				SWIFT_COMPILATION_MODE = wholemodule;
				SWIFT_OPTIMIZATION_LEVEL = "-O";
				VALIDATE_PRODUCT = YES;
			};
			name = Release;
		};
		B6DC15F627FCCDA000B2BA09 /* Debug */ = {
			isa = XCBuildConfiguration;
			buildSettings = {
				ASSETCATALOG_COMPILER_APPICON_NAME = AppIcon;
				ASSETCATALOG_COMPILER_GLOBAL_ACCENT_COLOR_NAME = AccentColor;
				CODE_SIGN_STYLE = Automatic;
				CURRENT_PROJECT_VERSION = 1;
				GENERATE_INFOPLIST_FILE = YES;
				INFOPLIST_FILE = Thirunagari_GroceryApp/Info.plist;
				INFOPLIST_KEY_UIApplicationSupportsIndirectInputEvents = YES;
				INFOPLIST_KEY_UILaunchStoryboardName = LaunchScreen;
				INFOPLIST_KEY_UIMainStoryboardFile = Main;
				INFOPLIST_KEY_UISupportedInterfaceOrientations_iPad = "UIInterfaceOrientationPortrait UIInterfaceOrientationPortraitUpsideDown UIInterfaceOrientationLandscapeLeft UIInterfaceOrientationLandscapeRight";
				INFOPLIST_KEY_UISupportedInterfaceOrientations_iPhone = "UIInterfaceOrientationPortrait UIInterfaceOrientationLandscapeLeft UIInterfaceOrientationLandscapeRight";
				LD_RUNPATH_SEARCH_PATHS = (
					"$(inherited)",
					"@executable_path/Frameworks",
				);
				MARKETING_VERSION = 1.0;
				PRODUCT_BUNDLE_IDENTIFIER = "nwmsu.Thirunagari-GroceryApp";
				PRODUCT_NAME = "$(TARGET_NAME)";
				SWIFT_EMIT_LOC_STRINGS = YES;
				SWIFT_VERSION = 5.0;
				TARGETED_DEVICE_FAMILY = "1,2";
			};
			name = Debug;
		};
		B6DC15F727FCCDA000B2BA09 /* Release */ = {
			isa = XCBuildConfiguration;
			buildSettings = {
				ASSETCATALOG_COMPILER_APPICON_NAME = AppIcon;
				ASSETCATALOG_COMPILER_GLOBAL_ACCENT_COLOR_NAME = AccentColor;
				CODE_SIGN_STYLE = Automatic;
				CURRENT_PROJECT_VERSION = 1;
				GENERATE_INFOPLIST_FILE = YES;
				INFOPLIST_FILE = Thirunagari_GroceryApp/Info.plist;
				INFOPLIST_KEY_UIApplicationSupportsIndirectInputEvents = YES;
				INFOPLIST_KEY_UILaunchStoryboardName = LaunchScreen;
				INFOPLIST_KEY_UIMainStoryboardFile = Main;
				INFOPLIST_KEY_UISupportedInterfaceOrientations_iPad = "UIInterfaceOrientationPortrait UIInterfaceOrientationPortraitUpsideDown UIInterfaceOrientationLandscapeLeft UIInterfaceOrientationLandscapeRight";
				INFOPLIST_KEY_UISupportedInterfaceOrientations_iPhone = "UIInterfaceOrientationPortrait UIInterfaceOrientationLandscapeLeft UIInterfaceOrientationLandscapeRight";
				LD_RUNPATH_SEARCH_PATHS = (
					"$(inherited)",
					"@executable_path/Frameworks",
				);
				MARKETING_VERSION = 1.0;
				PRODUCT_BUNDLE_IDENTIFIER = "nwmsu.Thirunagari-GroceryApp";
				PRODUCT_NAME = "$(TARGET_NAME)";
				SWIFT_EMIT_LOC_STRINGS = YES;
				SWIFT_VERSION = 5.0;
				TARGETED_DEVICE_FAMILY = "1,2";
			};
			name = Release;
		};
		B6DC15F927FCCDA000B2BA09 /* Debug */ = {
			isa = XCBuildConfiguration;
			buildSettings = {
				ALWAYS_EMBED_SWIFT_STANDARD_LIBRARIES = YES;
				BUNDLE_LOADER = "$(TEST_HOST)";
				CODE_SIGN_STYLE = Automatic;
				CURRENT_PROJECT_VERSION = 1;
				GENERATE_INFOPLIST_FILE = YES;
				IPHONEOS_DEPLOYMENT_TARGET = 15.2;
				MARKETING_VERSION = 1.0;
				PRODUCT_BUNDLE_IDENTIFIER = "nwmsu.Thirunagari-GroceryAppTests";
				PRODUCT_NAME = "$(TARGET_NAME)";
				SWIFT_EMIT_LOC_STRINGS = NO;
				SWIFT_VERSION = 5.0;
				TARGETED_DEVICE_FAMILY = "1,2";
				TEST_HOST = "$(BUILT_PRODUCTS_DIR)/Thirunagari_GroceryApp.app/Thirunagari_GroceryApp";
			};
			name = Debug;
		};
		B6DC15FA27FCCDA000B2BA09 /* Release */ = {
			isa = XCBuildConfiguration;
			buildSettings = {
				ALWAYS_EMBED_SWIFT_STANDARD_LIBRARIES = YES;
				BUNDLE_LOADER = "$(TEST_HOST)";
				CODE_SIGN_STYLE = Automatic;
				CURRENT_PROJECT_VERSION = 1;
				GENERATE_INFOPLIST_FILE = YES;
				IPHONEOS_DEPLOYMENT_TARGET = 15.2;
				MARKETING_VERSION = 1.0;
				PRODUCT_BUNDLE_IDENTIFIER = "nwmsu.Thirunagari-GroceryAppTests";
				PRODUCT_NAME = "$(TARGET_NAME)";
				SWIFT_EMIT_LOC_STRINGS = NO;
				SWIFT_VERSION = 5.0;
				TARGETED_DEVICE_FAMILY = "1,2";
				TEST_HOST = "$(BUILT_PRODUCTS_DIR)/Thirunagari_GroceryApp.app/Thirunagari_GroceryApp";
			};
			name = Release;
		};
		B6DC15FC27FCCDA000B2BA09 /* Debug */ = {
			isa = XCBuildConfiguration;
			buildSettings = {
				ALWAYS_EMBED_SWIFT_STANDARD_LIBRARIES = YES;
				CODE_SIGN_STYLE = Automatic;
				CURRENT_PROJECT_VERSION = 1;
				GENERATE_INFOPLIST_FILE = YES;
				MARKETING_VERSION = 1.0;
				PRODUCT_BUNDLE_IDENTIFIER = "nwmsu.Thirunagari-GroceryAppUITests";
				PRODUCT_NAME = "$(TARGET_NAME)";
				SWIFT_EMIT_LOC_STRINGS = NO;
				SWIFT_VERSION = 5.0;
				TARGETED_DEVICE_FAMILY = "1,2";
				TEST_TARGET_NAME = Thirunagari_GroceryApp;
			};
			name = Debug;
		};
		B6DC15FD27FCCDA000B2BA09 /* Release */ = {
			isa = XCBuildConfiguration;
			buildSettings = {
				ALWAYS_EMBED_SWIFT_STANDARD_LIBRARIES = YES;
				CODE_SIGN_STYLE = Automatic;
				CURRENT_PROJECT_VERSION = 1;
				GENERATE_INFOPLIST_FILE = YES;
				MARKETING_VERSION = 1.0;
				PRODUCT_BUNDLE_IDENTIFIER = "nwmsu.Thirunagari-GroceryAppUITests";
				PRODUCT_NAME = "$(TARGET_NAME)";
				SWIFT_EMIT_LOC_STRINGS = NO;
				SWIFT_VERSION = 5.0;
				TARGETED_DEVICE_FAMILY = "1,2";
				TEST_TARGET_NAME = Thirunagari_GroceryApp;
			};
			name = Release;
		};
/* End XCBuildConfiguration section */

/* Begin XCConfigurationList section */
		B6DC15C627FCCD9F00B2BA09 /* Build configuration list for PBXProject "Thirunagari_GroceryApp" */ = {
			isa = XCConfigurationList;
			buildConfigurations = (
				B6DC15F327FCCDA000B2BA09 /* Debug */,
				B6DC15F427FCCDA000B2BA09 /* Release */,
			);
			defaultConfigurationIsVisible = 0;
			defaultConfigurationName = Release;
		};
		B6DC15F527FCCDA000B2BA09 /* Build configuration list for PBXNativeTarget "Thirunagari_GroceryApp" */ = {
			isa = XCConfigurationList;
			buildConfigurations = (
				B6DC15F627FCCDA000B2BA09 /* Debug */,
				B6DC15F727FCCDA000B2BA09 /* Release */,
			);
			defaultConfigurationIsVisible = 0;
			defaultConfigurationName = Release;
		};
		B6DC15F827FCCDA000B2BA09 /* Build configuration list for PBXNativeTarget "Thirunagari_GroceryAppTests" */ = {
			isa = XCConfigurationList;
			buildConfigurations = (
				B6DC15F927FCCDA000B2BA09 /* Debug */,
				B6DC15FA27FCCDA000B2BA09 /* Release */,
			);
			defaultConfigurationIsVisible = 0;
			defaultConfigurationName = Release;
		};
		B6DC15FB27FCCDA000B2BA09 /* Build configuration list for PBXNativeTarget "Thirunagari_GroceryAppUITests" */ = {
			isa = XCConfigurationList;
			buildConfigurations = (
				B6DC15FC27FCCDA000B2BA09 /* Debug */,
				B6DC15FD27FCCDA000B2BA09 /* Release */,
			);
			defaultConfigurationIsVisible = 0;
			defaultConfigurationName = Release;
		};
/* End XCConfigurationList section */
	};
	rootObject = B6DC15C327FCCD9F00B2BA09 /* Project object */;
}
